// !$*UTF8*$!
{
	archiveVersion = 1;
	classes = {
	};
	objectVersion = 55;
	objects = {

/* Begin PBXBuildFile section */
		181D7D7A2840C9D600339D67 /* AppDelegate.swift in Sources */ = {isa = PBXBuildFile; fileRef = 181D7D792840C9D600339D67 /* AppDelegate.swift */; };
		181D7D812840C9D600339D67 /* Main.storyboard in Resources */ = {isa = PBXBuildFile; fileRef = 181D7D7F2840C9D600339D67 /* Main.storyboard */; };
		181D7D842840C9D600339D67 /* Weather_App.xcdatamodeld in Sources */ = {isa = PBXBuildFile; fileRef = 181D7D822840C9D600339D67 /* Weather_App.xcdatamodeld */; };
		181D7D862840C9D800339D67 /* Assets.xcassets in Resources */ = {isa = PBXBuildFile; fileRef = 181D7D852840C9D800339D67 /* Assets.xcassets */; };
		181D7D892840C9D800339D67 /* LaunchScreen.storyboard in Resources */ = {isa = PBXBuildFile; fileRef = 181D7D872840C9D800339D67 /* LaunchScreen.storyboard */; };
		181D7D942840C9D800339D67 /* Weather_AppTests.swift in Sources */ = {isa = PBXBuildFile; fileRef = 181D7D932840C9D800339D67 /* Weather_AppTests.swift */; };
		181D7D9E2840C9D800339D67 /* Weather_AppUITests.swift in Sources */ = {isa = PBXBuildFile; fileRef = 181D7D9D2840C9D800339D67 /* Weather_AppUITests.swift */; };
		181D7DA02840C9D800339D67 /* Weather_AppUITestsLaunchTests.swift in Sources */ = {isa = PBXBuildFile; fileRef = 181D7D9F2840C9D800339D67 /* Weather_AppUITestsLaunchTests.swift */; };
		181D7DAD2840CE1200339D67 /* WeatherListTableViewController.swift in Sources */ = {isa = PBXBuildFile; fileRef = 181D7DAC2840CE1200339D67 /* WeatherListTableViewController.swift */; };
		181D7DAF2840CE6800339D67 /* AddWeatherCityViewController.swift in Sources */ = {isa = PBXBuildFile; fileRef = 181D7DAE2840CE6800339D67 /* AddWeatherCityViewController.swift */; };
		181D7DB128475D7800339D67 /* WeatherTableViewCell.swift in Sources */ = {isa = PBXBuildFile; fileRef = 181D7DB028475D7800339D67 /* WeatherTableViewCell.swift */; };
		181D7DB428476E0B00339D67 /* WebService.swift in Sources */ = {isa = PBXBuildFile; fileRef = 181D7DB328476E0B00339D67 /* WebService.swift */; };
		181D7DB92847792500339D67 /* WeatherResponse.swift in Sources */ = {isa = PBXBuildFile; fileRef = 181D7DB82847792500339D67 /* WeatherResponse.swift */; };
		181D7DBC28477C4800339D67 /* AddWeatherViewModel.swift in Sources */ = {isa = PBXBuildFile; fileRef = 181D7DBB28477C4800339D67 /* AddWeatherViewModel.swift */; };
		181D7DBF28477C9E00339D67 /* Constants.swift in Sources */ = {isa = PBXBuildFile; fileRef = 181D7DBE28477C9E00339D67 /* Constants.swift */; };
		181D7DC228477D8000339D67 /* String+Extenions.swift in Sources */ = {isa = PBXBuildFile; fileRef = 181D7DC128477D8000339D67 /* String+Extenions.swift */; };
		181D7DC4284780CD00339D67 /* weatherListViewModel.swift in Sources */ = {isa = PBXBuildFile; fileRef = 181D7DC3284780CD00339D67 /* weatherListViewModel.swift */; };
		181D7DC628478A3300339D67 /* Double+Extension.swift in Sources */ = {isa = PBXBuildFile; fileRef = 181D7DC528478A3300339D67 /* Double+Extension.swift */; };
		181D7DC828478EB700339D67 /* SettingsTableViewController.swift in Sources */ = {isa = PBXBuildFile; fileRef = 181D7DC728478EB700339D67 /* SettingsTableViewController.swift */; };
		181D7DCA2847900700339D67 /* SettingsViewModel.swift in Sources */ = {isa = PBXBuildFile; fileRef = 181D7DC92847900700339D67 /* SettingsViewModel.swift */; };
/* End PBXBuildFile section */

/* Begin PBXContainerItemProxy section */
		181D7D902840C9D800339D67 /* PBXContainerItemProxy */ = {
			isa = PBXContainerItemProxy;
			containerPortal = 181D7D6E2840C9D600339D67 /* Project object */;
			proxyType = 1;
			remoteGlobalIDString = 181D7D752840C9D600339D67;
			remoteInfo = "Weather App";
		};
		181D7D9A2840C9D800339D67 /* PBXContainerItemProxy */ = {
			isa = PBXContainerItemProxy;
			containerPortal = 181D7D6E2840C9D600339D67 /* Project object */;
			proxyType = 1;
			remoteGlobalIDString = 181D7D752840C9D600339D67;
			remoteInfo = "Weather App";
		};
/* End PBXContainerItemProxy section */

/* Begin PBXFileReference section */
		181D7D762840C9D600339D67 /* Weather App.app */ = {isa = PBXFileReference; explicitFileType = wrapper.application; includeInIndex = 0; path = "Weather App.app"; sourceTree = BUILT_PRODUCTS_DIR; };
		181D7D792840C9D600339D67 /* AppDelegate.swift */ = {isa = PBXFileReference; lastKnownFileType = sourcecode.swift; path = AppDelegate.swift; sourceTree = "<group>"; };
		181D7D802840C9D600339D67 /* Base */ = {isa = PBXFileReference; lastKnownFileType = file.storyboard; name = Base; path = Base.lproj/Main.storyboard; sourceTree = "<group>"; };
		181D7D832840C9D600339D67 /* Weather_App.xcdatamodel */ = {isa = PBXFileReference; lastKnownFileType = wrapper.xcdatamodel; path = Weather_App.xcdatamodel; sourceTree = "<group>"; };
		181D7D852840C9D800339D67 /* Assets.xcassets */ = {isa = PBXFileReference; lastKnownFileType = folder.assetcatalog; path = Assets.xcassets; sourceTree = "<group>"; };
		181D7D882840C9D800339D67 /* Base */ = {isa = PBXFileReference; lastKnownFileType = file.storyboard; name = Base; path = Base.lproj/LaunchScreen.storyboard; sourceTree = "<group>"; };
		181D7D8A2840C9D800339D67 /* Info.plist */ = {isa = PBXFileReference; lastKnownFileType = text.plist.xml; path = Info.plist; sourceTree = "<group>"; };
		181D7D8F2840C9D800339D67 /* Weather AppTests.xctest */ = {isa = PBXFileReference; explicitFileType = wrapper.cfbundle; includeInIndex = 0; path = "Weather AppTests.xctest"; sourceTree = BUILT_PRODUCTS_DIR; };
		181D7D932840C9D800339D67 /* Weather_AppTests.swift */ = {isa = PBXFileReference; lastKnownFileType = sourcecode.swift; path = Weather_AppTests.swift; sourceTree = "<group>"; };
		181D7D992840C9D800339D67 /* Weather AppUITests.xctest */ = {isa = PBXFileReference; explicitFileType = wrapper.cfbundle; includeInIndex = 0; path = "Weather AppUITests.xctest"; sourceTree = BUILT_PRODUCTS_DIR; };
		181D7D9D2840C9D800339D67 /* Weather_AppUITests.swift */ = {isa = PBXFileReference; lastKnownFileType = sourcecode.swift; path = Weather_AppUITests.swift; sourceTree = "<group>"; };
		181D7D9F2840C9D800339D67 /* Weather_AppUITestsLaunchTests.swift */ = {isa = PBXFileReference; lastKnownFileType = sourcecode.swift; path = Weather_AppUITestsLaunchTests.swift; sourceTree = "<group>"; };
		181D7DAC2840CE1200339D67 /* WeatherListTableViewController.swift */ = {isa = PBXFileReference; lastKnownFileType = sourcecode.swift; path = WeatherListTableViewController.swift; sourceTree = "<group>"; };
		181D7DAE2840CE6800339D67 /* AddWeatherCityViewController.swift */ = {isa = PBXFileReference; lastKnownFileType = sourcecode.swift; path = AddWeatherCityViewController.swift; sourceTree = "<group>"; };
		181D7DB028475D7800339D67 /* WeatherTableViewCell.swift */ = {isa = PBXFileReference; lastKnownFileType = sourcecode.swift; path = WeatherTableViewCell.swift; sourceTree = "<group>"; };
		181D7DB328476E0B00339D67 /* WebService.swift */ = {isa = PBXFileReference; lastKnownFileType = sourcecode.swift; path = WebService.swift; sourceTree = "<group>"; };
		181D7DB82847792500339D67 /* WeatherResponse.swift */ = {isa = PBXFileReference; lastKnownFileType = sourcecode.swift; path = WeatherResponse.swift; sourceTree = "<group>"; };
		181D7DBB28477C4800339D67 /* AddWeatherViewModel.swift */ = {isa = PBXFileReference; lastKnownFileType = sourcecode.swift; path = AddWeatherViewModel.swift; sourceTree = "<group>"; };
		181D7DBE28477C9E00339D67 /* Constants.swift */ = {isa = PBXFileReference; lastKnownFileType = sourcecode.swift; path = Constants.swift; sourceTree = "<group>"; };
		181D7DC128477D8000339D67 /* String+Extenions.swift */ = {isa = PBXFileReference; lastKnownFileType = sourcecode.swift; path = "String+Extenions.swift"; sourceTree = "<group>"; };
		181D7DC3284780CD00339D67 /* weatherListViewModel.swift */ = {isa = PBXFileReference; lastKnownFileType = sourcecode.swift; path = weatherListViewModel.swift; sourceTree = "<group>"; };
		181D7DC528478A3300339D67 /* Double+Extension.swift */ = {isa = PBXFileReference; lastKnownFileType = sourcecode.swift; path = "Double+Extension.swift"; sourceTree = "<group>"; };
		181D7DC728478EB700339D67 /* SettingsTableViewController.swift */ = {isa = PBXFileReference; lastKnownFileType = sourcecode.swift; path = SettingsTableViewController.swift; sourceTree = "<group>"; };
		181D7DC92847900700339D67 /* SettingsViewModel.swift */ = {isa = PBXFileReference; lastKnownFileType = sourcecode.swift; path = SettingsViewModel.swift; sourceTree = "<group>"; };
/* End PBXFileReference section */

/* Begin PBXFrameworksBuildPhase section */
		181D7D732840C9D600339D67 /* Frameworks */ = {
			isa = PBXFrameworksBuildPhase;
			buildActionMask = 2147483647;
			files = (
			);
			runOnlyForDeploymentPostprocessing = 0;
		};
		181D7D8C2840C9D800339D67 /* Frameworks */ = {
			isa = PBXFrameworksBuildPhase;
			buildActionMask = 2147483647;
			files = (
			);
			runOnlyForDeploymentPostprocessing = 0;
		};
		181D7D962840C9D800339D67 /* Frameworks */ = {
			isa = PBXFrameworksBuildPhase;
			buildActionMask = 2147483647;
			files = (
			);
			runOnlyForDeploymentPostprocessing = 0;
		};
/* End PBXFrameworksBuildPhase section */

/* Begin PBXGroup section */
		181D7D6D2840C9D600339D67 = {
			isa = PBXGroup;
			children = (
				181D7D782840C9D600339D67 /* Weather App */,
				181D7D922840C9D800339D67 /* Weather AppTests */,
				181D7D9C2840C9D800339D67 /* Weather AppUITests */,
				181D7D772840C9D600339D67 /* Products */,
			);
			sourceTree = "<group>";
		};
		181D7D772840C9D600339D67 /* Products */ = {
			isa = PBXGroup;
			children = (
				181D7D762840C9D600339D67 /* Weather App.app */,
				181D7D8F2840C9D800339D67 /* Weather AppTests.xctest */,
				181D7D992840C9D800339D67 /* Weather AppUITests.xctest */,
			);
			name = Products;
			sourceTree = "<group>";
		};
		181D7D782840C9D600339D67 /* Weather App */ = {
			isa = PBXGroup;
			children = (
				181D7D792840C9D600339D67 /* AppDelegate.swift */,
				181D7DC028477D5D00339D67 /* Extenions */,
				181D7DBD28477C8F00339D67 /* Utils */,
				181D7DBA28477C2500339D67 /* View Models */,
				181D7DB72847791600339D67 /* Models */,
				181D7DB5284778D100339D67 /* Services */,
				181D7DB22847625000339D67 /* custom Cells */,
				181D7DB6284778ED00339D67 /* Controllers */,
				181D7D7F2840C9D600339D67 /* Main.storyboard */,
				181D7D852840C9D800339D67 /* Assets.xcassets */,
				181D7D872840C9D800339D67 /* LaunchScreen.storyboard */,
				181D7D8A2840C9D800339D67 /* Info.plist */,
				181D7D822840C9D600339D67 /* Weather_App.xcdatamodeld */,
			);
			path = "Weather App";
			sourceTree = "<group>";
		};
		181D7D922840C9D800339D67 /* Weather AppTests */ = {
			isa = PBXGroup;
			children = (
				181D7D932840C9D800339D67 /* Weather_AppTests.swift */,
			);
			path = "Weather AppTests";
			sourceTree = "<group>";
		};
		181D7D9C2840C9D800339D67 /* Weather AppUITests */ = {
			isa = PBXGroup;
			children = (
				181D7D9D2840C9D800339D67 /* Weather_AppUITests.swift */,
				181D7D9F2840C9D800339D67 /* Weather_AppUITestsLaunchTests.swift */,
			);
			path = "Weather AppUITests";
			sourceTree = "<group>";
		};
		181D7DB22847625000339D67 /* custom Cells */ = {
			isa = PBXGroup;
			children = (
				181D7DB028475D7800339D67 /* WeatherTableViewCell.swift */,
			);
			path = "custom Cells";
			sourceTree = "<group>";
		};
		181D7DB5284778D100339D67 /* Services */ = {
			isa = PBXGroup;
			children = (
				181D7DB328476E0B00339D67 /* WebService.swift */,
			);
			path = Services;
			sourceTree = "<group>";
		};
		181D7DB6284778ED00339D67 /* Controllers */ = {
			isa = PBXGroup;
			children = (
				181D7DAC2840CE1200339D67 /* WeatherListTableViewController.swift */,
				181D7DAE2840CE6800339D67 /* AddWeatherCityViewController.swift */,
				181D7DC728478EB700339D67 /* SettingsTableViewController.swift */,
			);
			path = Controllers;
			sourceTree = "<group>";
		};
		181D7DB72847791600339D67 /* Models */ = {
			isa = PBXGroup;
			children = (
				181D7DB82847792500339D67 /* WeatherResponse.swift */,
			);
			path = Models;
			sourceTree = "<group>";
		};
		181D7DBA28477C2500339D67 /* View Models */ = {
			isa = PBXGroup;
			children = (
				181D7DBB28477C4800339D67 /* AddWeatherViewModel.swift */,
				181D7DC3284780CD00339D67 /* weatherListViewModel.swift */,
				181D7DC92847900700339D67 /* SettingsViewModel.swift */,
			);
			path = "View Models";
			sourceTree = "<group>";
		};
		181D7DBD28477C8F00339D67 /* Utils */ = {
			isa = PBXGroup;
			children = (
				181D7DBE28477C9E00339D67 /* Constants.swift */,
			);
			path = Utils;
			sourceTree = "<group>";
		};
		181D7DC028477D5D00339D67 /* Extenions */ = {
			isa = PBXGroup;
			children = (
				181D7DC128477D8000339D67 /* String+Extenions.swift */,
				181D7DC528478A3300339D67 /* Double+Extension.swift */,
			);
			path = Extenions;
			sourceTree = "<group>";
		};
/* End PBXGroup section */

/* Begin PBXNativeTarget section */
		181D7D752840C9D600339D67 /* Weather App */ = {
			isa = PBXNativeTarget;
			buildConfigurationList = 181D7DA32840C9D800339D67 /* Build configuration list for PBXNativeTarget "Weather App" */;
			buildPhases = (
				181D7D722840C9D600339D67 /* Sources */,
				181D7D732840C9D600339D67 /* Frameworks */,
				181D7D742840C9D600339D67 /* Resources */,
			);
			buildRules = (
			);
			dependencies = (
			);
			name = "Weather App";
			productName = "Weather App";
			productReference = 181D7D762840C9D600339D67 /* Weather App.app */;
			productType = "com.apple.product-type.application";
		};
		181D7D8E2840C9D800339D67 /* Weather AppTests */ = {
			isa = PBXNativeTarget;
			buildConfigurationList = 181D7DA62840C9D800339D67 /* Build configuration list for PBXNativeTarget "Weather AppTests" */;
			buildPhases = (
				181D7D8B2840C9D800339D67 /* Sources */,
				181D7D8C2840C9D800339D67 /* Frameworks */,
				181D7D8D2840C9D800339D67 /* Resources */,
			);
			buildRules = (
			);
			dependencies = (
				181D7D912840C9D800339D67 /* PBXTargetDependency */,
			);
			name = "Weather AppTests";
			productName = "Weather AppTests";
			productReference = 181D7D8F2840C9D800339D67 /* Weather AppTests.xctest */;
			productType = "com.apple.product-type.bundle.unit-test";
		};
		181D7D982840C9D800339D67 /* Weather AppUITests */ = {
			isa = PBXNativeTarget;
			buildConfigurationList = 181D7DA92840C9D800339D67 /* Build configuration list for PBXNativeTarget "Weather AppUITests" */;
			buildPhases = (
				181D7D952840C9D800339D67 /* Sources */,
				181D7D962840C9D800339D67 /* Frameworks */,
				181D7D972840C9D800339D67 /* Resources */,
			);
			buildRules = (
			);
			dependencies = (
				181D7D9B2840C9D800339D67 /* PBXTargetDependency */,
			);
			name = "Weather AppUITests";
			productName = "Weather AppUITests";
			productReference = 181D7D992840C9D800339D67 /* Weather AppUITests.xctest */;
			productType = "com.apple.product-type.bundle.ui-testing";
		};
/* End PBXNativeTarget section */

/* Begin PBXProject section */
		181D7D6E2840C9D600339D67 /* Project object */ = {
			isa = PBXProject;
			attributes = {
				BuildIndependentTargetsInParallel = 1;
				LastSwiftUpdateCheck = 1320;
				LastUpgradeCheck = 1320;
				TargetAttributes = {
					181D7D752840C9D600339D67 = {
						CreatedOnToolsVersion = 13.2.1;
					};
					181D7D8E2840C9D800339D67 = {
						CreatedOnToolsVersion = 13.2.1;
						TestTargetID = 181D7D752840C9D600339D67;
					};
					181D7D982840C9D800339D67 = {
						CreatedOnToolsVersion = 13.2.1;
						TestTargetID = 181D7D752840C9D600339D67;
					};
				};
			};
			buildConfigurationList = 181D7D712840C9D600339D67 /* Build configuration list for PBXProject "Weather App" */;
			compatibilityVersion = "Xcode 13.0";
			developmentRegion = en;
			hasScannedForEncodings = 0;
			knownRegions = (
				en,
				Base,
			);
			mainGroup = 181D7D6D2840C9D600339D67;
			productRefGroup = 181D7D772840C9D600339D67 /* Products */;
			projectDirPath = "";
			projectRoot = "";
			targets = (
				181D7D752840C9D600339D67 /* Weather App */,
				181D7D8E2840C9D800339D67 /* Weather AppTests */,
				181D7D982840C9D800339D67 /* Weather AppUITests */,
			);
		};
/* End PBXProject section */

/* Begin PBXResourcesBuildPhase section */
		181D7D742840C9D600339D67 /* Resources */ = {
			isa = PBXResourcesBuildPhase;
			buildActionMask = 2147483647;
			files = (
				181D7D892840C9D800339D67 /* LaunchScreen.storyboard in Resources */,
				181D7D862840C9D800339D67 /* Assets.xcassets in Resources */,
				181D7D812840C9D600339D67 /* Main.storyboard in Resources */,
			);
			runOnlyForDeploymentPostprocessing = 0;
		};
		181D7D8D2840C9D800339D67 /* Resources */ = {
			isa = PBXResourcesBuildPhase;
			buildActionMask = 2147483647;
			files = (
			);
			runOnlyForDeploymentPostprocessing = 0;
		};
		181D7D972840C9D800339D67 /* Resources */ = {
			isa = PBXResourcesBuildPhase;
			buildActionMask = 2147483647;
			files = (
			);
			runOnlyForDeploymentPostprocessing = 0;
		};
/* End PBXResourcesBuildPhase section */

/* Begin PBXSourcesBuildPhase section */
		181D7D722840C9D600339D67 /* Sources */ = {
			isa = PBXSourcesBuildPhase;
			buildActionMask = 2147483647;
			files = (
				181D7DB428476E0B00339D67 /* WebService.swift in Sources */,
				181D7DC828478EB700339D67 /* SettingsTableViewController.swift in Sources */,
				181D7DBC28477C4800339D67 /* AddWeatherViewModel.swift in Sources */,
				181D7DB128475D7800339D67 /* WeatherTableViewCell.swift in Sources */,
				181D7DAD2840CE1200339D67 /* WeatherListTableViewController.swift in Sources */,
				181D7DB92847792500339D67 /* WeatherResponse.swift in Sources */,
				181D7D842840C9D600339D67 /* Weather_App.xcdatamodeld in Sources */,
				181D7DC228477D8000339D67 /* String+Extenions.swift in Sources */,
				181D7DAF2840CE6800339D67 /* AddWeatherCityViewController.swift in Sources */,
				181D7DC628478A3300339D67 /* Double+Extension.swift in Sources */,
				181D7D7A2840C9D600339D67 /* AppDelegate.swift in Sources */,
				181D7DC4284780CD00339D67 /* weatherListViewModel.swift in Sources */,
				181D7DBF28477C9E00339D67 /* Constants.swift in Sources */,
				181D7DCA2847900700339D67 /* SettingsViewModel.swift in Sources */,
			);
			runOnlyForDeploymentPostprocessing = 0;
		};
		181D7D8B2840C9D800339D67 /* Sources */ = {
			isa = PBXSourcesBuildPhase;
			buildActionMask = 2147483647;
			files = (
				181D7D942840C9D800339D67 /* Weather_AppTests.swift in Sources */,
			);
			runOnlyForDeploymentPostprocessing = 0;
		};
		181D7D952840C9D800339D67 /* Sources */ = {
			isa = PBXSourcesBuildPhase;
			buildActionMask = 2147483647;
			files = (
				181D7D9E2840C9D800339D67 /* Weather_AppUITests.swift in Sources */,
				181D7DA02840C9D800339D67 /* Weather_AppUITestsLaunchTests.swift in Sources */,
			);
			runOnlyForDeploymentPostprocessing = 0;
		};
/* End PBXSourcesBuildPhase section */

/* Begin PBXTargetDependency section */
		181D7D912840C9D800339D67 /* PBXTargetDependency */ = {
			isa = PBXTargetDependency;
			target = 181D7D752840C9D600339D67 /* Weather App */;
			targetProxy = 181D7D902840C9D800339D67 /* PBXContainerItemProxy */;
		};
		181D7D9B2840C9D800339D67 /* PBXTargetDependency */ = {
			isa = PBXTargetDependency;
			target = 181D7D752840C9D600339D67 /* Weather App */;
			targetProxy = 181D7D9A2840C9D800339D67 /* PBXContainerItemProxy */;
		};
/* End PBXTargetDependency section */

/* Begin PBXVariantGroup section */
		181D7D7F2840C9D600339D67 /* Main.storyboard */ = {
			isa = PBXVariantGroup;
			children = (
				181D7D802840C9D600339D67 /* Base */,
			);
			name = Main.storyboard;
			sourceTree = "<group>";
		};
		181D7D872840C9D800339D67 /* LaunchScreen.storyboard */ = {
			isa = PBXVariantGroup;
			children = (
				181D7D882840C9D800339D67 /* Base */,
			);
			name = LaunchScreen.storyboard;
			sourceTree = "<group>";
		};
/* End PBXVariantGroup section */

/* Begin XCBuildConfiguration section */
		181D7DA12840C9D800339D67 /* Debug */ = {
			isa = XCBuildConfiguration;
			buildSettings = {
				ALWAYS_SEARCH_USER_PATHS = NO;
				CLANG_ANALYZER_NONNULL = YES;
				CLANG_ANALYZER_NUMBER_OBJECT_CONVERSION = YES_AGGRESSIVE;
				CLANG_CXX_LANGUAGE_STANDARD = "gnu++17";
				CLANG_CXX_LIBRARY = "libc++";
				CLANG_ENABLE_MODULES = YES;
				CLANG_ENABLE_OBJC_ARC = YES;
				CLANG_ENABLE_OBJC_WEAK = YES;
				CLANG_WARN_BLOCK_CAPTURE_AUTORELEASING = YES;
				CLANG_WARN_BOOL_CONVERSION = YES;
				CLANG_WARN_COMMA = YES;
				CLANG_WARN_CONSTANT_CONVERSION = YES;
				CLANG_WARN_DEPRECATED_OBJC_IMPLEMENTATIONS = YES;
				CLANG_WARN_DIRECT_OBJC_ISA_USAGE = YES_ERROR;
				CLANG_WARN_DOCUMENTATION_COMMENTS = YES;
				CLANG_WARN_EMPTY_BODY = YES;
				CLANG_WARN_ENUM_CONVERSION = YES;
				CLANG_WARN_INFINITE_RECURSION = YES;
				CLANG_WARN_INT_CONVERSION = YES;
				CLANG_WARN_NON_LITERAL_NULL_CONVERSION = YES;
				CLANG_WARN_OBJC_IMPLICIT_RETAIN_SELF = YES;
				CLANG_WARN_OBJC_LITERAL_CONVERSION = YES;
				CLANG_WARN_OBJC_ROOT_CLASS = YES_ERROR;
				CLANG_WARN_QUOTED_INCLUDE_IN_FRAMEWORK_HEADER = YES;
				CLANG_WARN_RANGE_LOOP_ANALYSIS = YES;
				CLANG_WARN_STRICT_PROTOTYPES = YES;
				CLANG_WARN_SUSPICIOUS_MOVE = YES;
				CLANG_WARN_UNGUARDED_AVAILABILITY = YES_AGGRESSIVE;
				CLANG_WARN_UNREACHABLE_CODE = YES;
				CLANG_WARN__DUPLICATE_METHOD_MATCH = YES;
				COPY_PHASE_STRIP = NO;
				DEBUG_INFORMATION_FORMAT = dwarf;
				ENABLE_STRICT_OBJC_MSGSEND = YES;
				ENABLE_TESTABILITY = YES;
				GCC_C_LANGUAGE_STANDARD = gnu11;
				GCC_DYNAMIC_NO_PIC = NO;
				GCC_NO_COMMON_BLOCKS = YES;
				GCC_OPTIMIZATION_LEVEL = 0;
				GCC_PREPROCESSOR_DEFINITIONS = (
					"DEBUG=1",
					"$(inherited)",
				);
				GCC_WARN_64_TO_32_BIT_CONVERSION = YES;
				GCC_WARN_ABOUT_RETURN_TYPE = YES_ERROR;
				GCC_WARN_UNDECLARED_SELECTOR = YES;
				GCC_WARN_UNINITIALIZED_AUTOS = YES_AGGRESSIVE;
				GCC_WARN_UNUSED_FUNCTION = YES;
				GCC_WARN_UNUSED_VARIABLE = YES;
				IPHONEOS_DEPLOYMENT_TARGET = 15.2;
				MTL_ENABLE_DEBUG_INFO = INCLUDE_SOURCE;
				MTL_FAST_MATH = YES;
				ONLY_ACTIVE_ARCH = YES;
				SDKROOT = iphoneos;
				SWIFT_ACTIVE_COMPILATION_CONDITIONS = DEBUG;
				SWIFT_OPTIMIZATION_LEVEL = "-Onone";
			};
			name = Debug;
		};
		181D7DA22840C9D800339D67 /* Release */ = {
			isa = XCBuildConfiguration;
			buildSettings = {
				ALWAYS_SEARCH_USER_PATHS = NO;
				CLANG_ANALYZER_NONNULL = YES;
				CLANG_ANALYZER_NUMBER_OBJECT_CONVERSION = YES_AGGRESSIVE;
				CLANG_CXX_LANGUAGE_STANDARD = "gnu++17";
				CLANG_CXX_LIBRARY = "libc++";
				CLANG_ENABLE_MODULES = YES;
				CLANG_ENABLE_OBJC_ARC = YES;
				CLANG_ENABLE_OBJC_WEAK = YES;
				CLANG_WARN_BLOCK_CAPTURE_AUTORELEASING = YES;
				CLANG_WARN_BOOL_CONVERSION = YES;
				CLANG_WARN_COMMA = YES;
				CLANG_WARN_CONSTANT_CONVERSION = YES;
				CLANG_WARN_DEPRECATED_OBJC_IMPLEMENTATIONS = YES;
				CLANG_WARN_DIRECT_OBJC_ISA_USAGE = YES_ERROR;
				CLANG_WARN_DOCUMENTATION_COMMENTS = YES;
				CLANG_WARN_EMPTY_BODY = YES;
				CLANG_WARN_ENUM_CONVERSION = YES;
				CLANG_WARN_INFINITE_RECURSION = YES;
				CLANG_WARN_INT_CONVERSION = YES;
				CLANG_WARN_NON_LITERAL_NULL_CONVERSION = YES;
				CLANG_WARN_OBJC_IMPLICIT_RETAIN_SELF = YES;
				CLANG_WARN_OBJC_LITERAL_CONVERSION = YES;
				CLANG_WARN_OBJC_ROOT_CLASS = YES_ERROR;
				CLANG_WARN_QUOTED_INCLUDE_IN_FRAMEWORK_HEADER = YES;
				CLANG_WARN_RANGE_LOOP_ANALYSIS = YES;
				CLANG_WARN_STRICT_PROTOTYPES = YES;
				CLANG_WARN_SUSPICIOUS_MOVE = YES;
				CLANG_WARN_UNGUARDED_AVAILABILITY = YES_AGGRESSIVE;
				CLANG_WARN_UNREACHABLE_CODE = YES;
				CLANG_WARN__DUPLICATE_METHOD_MATCH = YES;
				COPY_PHASE_STRIP = NO;
				DEBUG_INFORMATION_FORMAT = "dwarf-with-dsym";
				ENABLE_NS_ASSERTIONS = NO;
				ENABLE_STRICT_OBJC_MSGSEND = YES;
				GCC_C_LANGUAGE_STANDARD = gnu11;
				GCC_NO_COMMON_BLOCKS = YES;
				GCC_WARN_64_TO_32_BIT_CONVERSION = YES;
				GCC_WARN_ABOUT_RETURN_TYPE = YES_ERROR;
				GCC_WARN_UNDECLARED_SELECTOR = YES;
				GCC_WARN_UNINITIALIZED_AUTOS = YES_AGGRESSIVE;
				GCC_WARN_UNUSED_FUNCTION = YES;
				GCC_WARN_UNUSED_VARIABLE = YES;
				IPHONEOS_DEPLOYMENT_TARGET = 15.2;
				MTL_ENABLE_DEBUG_INFO = NO;
				MTL_FAST_MATH = YES;
				SDKROOT = iphoneos;
				SWIFT_COMPILATION_MODE = wholemodule;
				SWIFT_OPTIMIZATION_LEVEL = "-O";
				VALIDATE_PRODUCT = YES;
			};
			name = Release;
		};
		181D7DA42840C9D800339D67 /* Debug */ = {
			isa = XCBuildConfiguration;
			buildSettings = {
				ASSETCATALOG_COMPILER_APPICON_NAME = AppIcon;
				ASSETCATALOG_COMPILER_GLOBAL_ACCENT_COLOR_NAME = AccentColor;
				CODE_SIGN_STYLE = Automatic;
				CURRENT_PROJECT_VERSION = 1;
				DEVELOPMENT_TEAM = KAG7J7RRRM;
				GENERATE_INFOPLIST_FILE = YES;
				INFOPLIST_FILE = "Weather App/Info.plist";
				INFOPLIST_KEY_UIApplicationSupportsIndirectInputEvents = YES;
				INFOPLIST_KEY_UILaunchStoryboardName = LaunchScreen;
				INFOPLIST_KEY_UIMainStoryboardFile = Main;
				INFOPLIST_KEY_UIStatusBarHidden = NO;
				INFOPLIST_KEY_UISupportedInterfaceOrientations = UIInterfaceOrientationPortrait;
				INFOPLIST_KEY_UISupportedInterfaceOrientations_iPad = "UIInterfaceOrientationPortrait UIInterfaceOrientationPortraitUpsideDown UIInterfaceOrientationLandscapeLeft UIInterfaceOrientationLandscapeRight";
				INFOPLIST_KEY_UISupportedInterfaceOrientations_iPhone = "UIInterfaceOrientationPortrait UIInterfaceOrientationLandscapeLeft UIInterfaceOrientationLandscapeRight";
				IPHONEOS_DEPLOYMENT_TARGET = 15.2;
				LD_RUNPATH_SEARCH_PATHS = (
					"$(inherited)",
					"@executable_path/Frameworks",
				);
				MARKETING_VERSION = 1.0;
				PRODUCT_BUNDLE_IDENTIFIER = "com.AL.Weather-App";
				PRODUCT_NAME = "$(TARGET_NAME)";
				SWIFT_EMIT_LOC_STRINGS = YES;
				SWIFT_VERSION = 5.0;
				TARGETED_DEVICE_FAMILY = 1;
			};
			name = Debug;
		};
		181D7DA52840C9D800339D67 /* Release */ = {
			isa = XCBuildConfiguration;
			buildSettings = {
				ASSETCATALOG_COMPILER_APPICON_NAME = AppIcon;
				ASSETCATALOG_COMPILER_GLOBAL_ACCENT_COLOR_NAME = AccentColor;
				CODE_SIGN_STYLE = Automatic;
				CURRENT_PROJECT_VERSION = 1;
				DEVELOPMENT_TEAM = KAG7J7RRRM;
				GENERATE_INFOPLIST_FILE = YES;
				INFOPLIST_FILE = "Weather App/Info.plist";
				INFOPLIST_KEY_UIApplicationSupportsIndirectInputEvents = YES;
				INFOPLIST_KEY_UILaunchStoryboardName = LaunchScreen;
				INFOPLIST_KEY_UIMainStoryboardFile = Main;
				INFOPLIST_KEY_UIStatusBarHidden = NO;
				INFOPLIST_KEY_UISupportedInterfaceOrientations = UIInterfaceOrientationPortrait;
				INFOPLIST_KEY_UISupportedInterfaceOrientations_iPad = "UIInterfaceOrientationPortrait UIInterfaceOrientationPortraitUpsideDown UIInterfaceOrientationLandscapeLeft UIInterfaceOrientationLandscapeRight";
				INFOPLIST_KEY_UISupportedInterfaceOrientations_iPhone = "UIInterfaceOrientationPortrait UIInterfaceOrientationLandscapeLeft UIInterfaceOrientationLandscapeRight";
				IPHONEOS_DEPLOYMENT_TARGET = 15.2;
				LD_RUNPATH_SEARCH_PATHS = (
					"$(inherited)",
					"@executable_path/Frameworks",
				);
				MARKETING_VERSION = 1.0;
				PRODUCT_BUNDLE_IDENTIFIER = "com.AL.Weather-App";
				PRODUCT_NAME = "$(TARGET_NAME)";
				SWIFT_EMIT_LOC_STRINGS = YES;
				SWIFT_VERSION = 5.0;
				TARGETED_DEVICE_FAMILY = 1;
			};
			name = Release;
		};
		181D7DA72840C9D800339D67 /* Debug */ = {
			isa = XCBuildConfiguration;
			buildSettings = {
				ALWAYS_EMBED_SWIFT_STANDARD_LIBRARIES = YES;
				BUNDLE_LOADER = "$(TEST_HOST)";
				CODE_SIGN_STYLE = Automatic;
				CURRENT_PROJECT_VERSION = 1;
				DEVELOPMENT_TEAM = KAG7J7RRRM;
				GENERATE_INFOPLIST_FILE = YES;
				IPHONEOS_DEPLOYMENT_TARGET = 15.2;
				MARKETING_VERSION = 1.0;
				PRODUCT_BUNDLE_IDENTIFIER = "com.AL.Weather-AppTests";
				PRODUCT_NAME = "$(TARGET_NAME)";
				SWIFT_EMIT_LOC_STRINGS = NO;
				SWIFT_VERSION = 5.0;
				TARGETED_DEVICE_FAMILY = "1,2";
				TEST_HOST = "$(BUILT_PRODUCTS_DIR)/Weather App.app/Weather App";
			};
			name = Debug;
		};
		181D7DA82840C9D800339D67 /* Release */ = {
			isa = XCBuildConfiguration;
			buildSettings = {
				ALWAYS_EMBED_SWIFT_STANDARD_LIBRARIES = YES;
				BUNDLE_LOADER = "$(TEST_HOST)";
				CODE_SIGN_STYLE = Automatic;
				CURRENT_PROJECT_VERSION = 1;
				DEVELOPMENT_TEAM = KAG7J7RRRM;
				GENERATE_INFOPLIST_FILE = YES;
				IPHONEOS_DEPLOYMENT_TARGET = 15.2;
				MARKETING_VERSION = 1.0;
				PRODUCT_BUNDLE_IDENTIFIER = "com.AL.Weather-AppTests";
				PRODUCT_NAME = "$(TARGET_NAME)";
				SWIFT_EMIT_LOC_STRINGS = NO;
				SWIFT_VERSION = 5.0;
				TARGETED_DEVICE_FAMILY = "1,2";
				TEST_HOST = "$(BUILT_PRODUCTS_DIR)/Weather App.app/Weather App";
			};
			name = Release;
		};
		181D7DAA2840C9D800339D67 /* Debug */ = {
			isa = XCBuildConfiguration;
			buildSettings = {
				ALWAYS_EMBED_SWIFT_STANDARD_LIBRARIES = YES;
				CODE_SIGN_STYLE = Automatic;
				CURRENT_PROJECT_VERSION = 1;
				DEVELOPMENT_TEAM = KAG7J7RRRM;
				GENERATE_INFOPLIST_FILE = YES;
				MARKETING_VERSION = 1.0;
				PRODUCT_BUNDLE_IDENTIFIER = "com.AL.Weather-AppUITests";
				PRODUCT_NAME = "$(TARGET_NAME)";
				SWIFT_EMIT_LOC_STRINGS = NO;
				SWIFT_VERSION = 5.0;
				TARGETED_DEVICE_FAMILY = "1,2";
				TEST_TARGET_NAME = "Weather App";
			};
			name = Debug;
		};
		181D7DAB2840C9D800339D67 /* Release */ = {
			isa = XCBuildConfiguration;
			buildSettings = {
				ALWAYS_EMBED_SWIFT_STANDARD_LIBRARIES = YES;
				CODE_SIGN_STYLE = Automatic;
				CURRENT_PROJECT_VERSION = 1;
				DEVELOPMENT_TEAM = KAG7J7RRRM;
				GENERATE_INFOPLIST_FILE = YES;
				MARKETING_VERSION = 1.0;
				PRODUCT_BUNDLE_IDENTIFIER = "com.AL.Weather-AppUITests";
				PRODUCT_NAME = "$(TARGET_NAME)";
				SWIFT_EMIT_LOC_STRINGS = NO;
				SWIFT_VERSION = 5.0;
				TARGETED_DEVICE_FAMILY = "1,2";
				TEST_TARGET_NAME = "Weather App";
			};
			name = Release;
		};
/* End XCBuildConfiguration section */

/* Begin XCConfigurationList section */
		181D7D712840C9D600339D67 /* Build configuration list for PBXProject "Weather App" */ = {
			isa = XCConfigurationList;
			buildConfigurations = (
				181D7DA12840C9D800339D67 /* Debug */,
				181D7DA22840C9D800339D67 /* Release */,
			);
			defaultConfigurationIsVisible = 0;
			defaultConfigurationName = Release;
		};
		181D7DA32840C9D800339D67 /* Build configuration list for PBXNativeTarget "Weather App" */ = {
			isa = XCConfigurationList;
			buildConfigurations = (
				181D7DA42840C9D800339D67 /* Debug */,
				181D7DA52840C9D800339D67 /* Release */,
			);
			defaultConfigurationIsVisible = 0;
			defaultConfigurationName = Release;
		};
		181D7DA62840C9D800339D67 /* Build configuration list for PBXNativeTarget "Weather AppTests" */ = {
			isa = XCConfigurationList;
			buildConfigurations = (
				181D7DA72840C9D800339D67 /* Debug */,
				181D7DA82840C9D800339D67 /* Release */,
			);
			defaultConfigurationIsVisible = 0;
			defaultConfigurationName = Release;
		};
		181D7DA92840C9D800339D67 /* Build configuration list for PBXNativeTarget "Weather AppUITests" */ = {
			isa = XCConfigurationList;
			buildConfigurations = (
				181D7DAA2840C9D800339D67 /* Debug */,
				181D7DAB2840C9D800339D67 /* Release */,
			);
			defaultConfigurationIsVisible = 0;
			defaultConfigurationName = Release;
		};
/* End XCConfigurationList section */

/* Begin XCVersionGroup section */
		181D7D822840C9D600339D67 /* Weather_App.xcdatamodeld */ = {
			isa = XCVersionGroup;
			children = (
				181D7D832840C9D600339D67 /* Weather_App.xcdatamodel */,
			);
			currentVersion = 181D7D832840C9D600339D67 /* Weather_App.xcdatamodel */;
			path = Weather_App.xcdatamodeld;
			sourceTree = "<group>";
			versionGroupType = wrapper.xcdatamodel;
		};
/* End XCVersionGroup section */
	};
	rootObject = 181D7D6E2840C9D600339D67 /* Project object */;
}
